
Microsoft Visual Studio Solution File, Format Version 12.00
# Visual Studio Version 17
VisualStudioVersion = 17.1.32210.238
MinimumVisualStudioVersion = 10.0.40219.1
Project("{FAE04EC0-301F-11D3-BF4B-00C04F79EFBC}") = "Dashboard", "Dashboard.csproj", "{441CE98E-9B2C-4BB1-A187-955C83EFC015}"
EndProject
Global
	GlobalSection(SolutionConfigurationPlatforms) = preSolution
		Debug|Any CPU = Debug|Any CPU
		Release|Any CPU = Release|Any CPU
	EndGlobalSection
	GlobalSection(ProjectConfigurationPlatforms) = postSolution
		{441CE98E-9B2C-4BB1-A187-955C83EFC015}.Debug|Any CPU.ActiveCfg = Debug|Any CPU
		{441CE98E-9B2C-4BB1-A187-955C83EFC015}.Debug|Any CPU.Build.0 = Debug|Any CPU
		{441CE98E-9B2C-4BB1-A187-955C83EFC015}.Release|Any CPU.ActiveCfg = Release|Any CPU
		{441CE98E-9B2C-4BB1-A187-955C83EFC015}.Release|Any CPU.Build.0 = Release|Any CPU
	EndGlobalSection
	GlobalSection(SolutionProperties) = preSolution
		HideSolutionNode = FALSE
	EndGlobalSection
	GlobalSection(ExtensibilityGlobals) = postSolution
		SolutionGuid = {63707226-7C02-44C1-B22D-F026383F2341}
	EndGlobalSection
EndGlobal
